schema: '2.0'
stages:
  features:
    cmd: python src/features.py --in_csv data/processed/cleaned.csv --out_dir 
      data/processed
    deps:
    - path: data/processed/cleaned.csv
      hash: md5
      md5: 7ddf70c9418b62271bc508b80f7056ef
      size: 11772296
    - path: params.yaml
      hash: md5
      md5: 61dc831d9bed57971768dab72a3e7857
      size: 193
    - path: src/features.py
      hash: md5
      md5: c58ee582784b565bba2433079e87c160
      size: 1360
    outs:
    - path: data/processed/X_test.csv
      hash: md5
      md5: 981dd1062f3e9a6b325ed4aa6b3089a9
      size: 307964248
    - path: data/processed/X_train.csv
      hash: md5
      md5: d8231becf3031de83c285c5d586d8153
      size: 1231713216
    - path: data/processed/y_test.csv
      hash: md5
      md5: 12017c4493f12d4a42d674022b0210a2
      size: 302505
    - path: data/processed/y_train.csv
      hash: md5
      md5: dac33f75719a46848c896affa336031b
      size: 1209770
    - path: models/feature_columns.pkl
      hash: md5
      md5: df08b5825fb4beed5f78f58b8e8d2ff9
      size: 39595
  train:
    cmd: python src/train.py --data_dir data/processed --model_out 
      models/model.pkl
    deps:
    - path: data/processed/X_train.csv
      hash: md5
      md5: d8231becf3031de83c285c5d586d8153
      size: 1231713216
    - path: data/processed/y_train.csv
      hash: md5
      md5: dac33f75719a46848c896affa336031b
      size: 1209770
    - path: params.yaml
      hash: md5
      md5: 61dc831d9bed57971768dab72a3e7857
      size: 193
    - path: src/train.py
      hash: md5
      md5: e0d2a95758335793a2aaee821a2ccf1f
      size: 1004
    outs:
    - path: models/model.pkl
      hash: md5
      md5: 80b6a6f89ac1d8a2724ccdb6d913f318
      size: 453649
  prepare:
    cmd: python src/prepare.py --in_csv data/zameen-updated.csv --out_dir 
      data/processed
    deps:
    - path: data/zameen-updated.csv
      hash: md5
      md5: 862ce971c086da8903e8ecc7c8a52c92
      size: 49522076
    - path: params.yaml
      hash: md5
      md5: 61dc831d9bed57971768dab72a3e7857
      size: 193
    - path: src/prepare.py
      hash: md5
      md5: 778572e10cb4558ab8e7fdee14137f2d
      size: 1309
    outs:
    - path: data/processed/cleaned.csv
      hash: md5
      md5: 7ddf70c9418b62271bc508b80f7056ef
      size: 11772296
  evaluate:
    cmd: python src/evaluate.py --data_dir data/processed --model 
      models/model.pkl --out metrics/eval.json
    deps:
    - path: data/processed/X_test.csv
      hash: md5
      md5: 981dd1062f3e9a6b325ed4aa6b3089a9
      size: 307964248
    - path: data/processed/y_test.csv
      hash: md5
      md5: 12017c4493f12d4a42d674022b0210a2
      size: 302505
    - path: models/model.pkl
      hash: md5
      md5: 80b6a6f89ac1d8a2724ccdb6d913f318
      size: 453649
    - path: src/evaluate.py
      hash: md5
      md5: 8eb08b491dc948b03fe875259f878196
      size: 1111
    outs:
    - path: metrics/eval.json
      hash: md5
      md5: 73ef601587ac29422cf0bf893fad32e3
      size: 91
